
Microsoft Visual Studio Solution File, Format Version 12.00
# Visual Studio Version 17
VisualStudioVersion = 17.2.32516.85
MinimumVisualStudioVersion = 10.0.40219.1
Project("{2150E333-8FDC-42A3-9474-1A3956D46DE8}") = "FrontEnd", "FrontEnd", "{4227DCEB-3008-4FE3-BC2A-9AC2B94C2F53}"
EndProject
Project("{FAE04EC0-301F-11D3-BF4B-00C04F79EFBC}") = "Wardakstudio.Web", "Wardakstudio.Web\Wardakstudio.Web.csproj", "{103A13CC-23B2-44C2-81CE-64EC92C6ADED}"
EndProject
Project("{2150E333-8FDC-42A3-9474-1A3956D46DE8}") = "Services", "Services", "{24EDDCF8-F7E5-4858-A9A5-914388FCEE27}"
EndProject
Project("{FAE04EC0-301F-11D3-BF4B-00C04F79EFBC}") = "Wardakstudio.Services.ProductsAPI", "Wardakstudio.Services.ProductsAPI\Wardakstudio.Services.ProductsAPI.csproj", "{E045AD46-02B5-46A6-B94A-FF1EC2705A79}"
EndProject
Global
	GlobalSection(SolutionConfigurationPlatforms) = preSolution
		Debug|Any CPU = Debug|Any CPU
		Release|Any CPU = Release|Any CPU
	EndGlobalSection
	GlobalSection(ProjectConfigurationPlatforms) = postSolution
		{103A13CC-23B2-44C2-81CE-64EC92C6ADED}.Debug|Any CPU.ActiveCfg = Debug|Any CPU
		{103A13CC-23B2-44C2-81CE-64EC92C6ADED}.Debug|Any CPU.Build.0 = Debug|Any CPU
		{103A13CC-23B2-44C2-81CE-64EC92C6ADED}.Release|Any CPU.ActiveCfg = Release|Any CPU
		{103A13CC-23B2-44C2-81CE-64EC92C6ADED}.Release|Any CPU.Build.0 = Release|Any CPU
		{E045AD46-02B5-46A6-B94A-FF1EC2705A79}.Debug|Any CPU.ActiveCfg = Debug|Any CPU
		{E045AD46-02B5-46A6-B94A-FF1EC2705A79}.Debug|Any CPU.Build.0 = Debug|Any CPU
		{E045AD46-02B5-46A6-B94A-FF1EC2705A79}.Release|Any CPU.ActiveCfg = Release|Any CPU
		{E045AD46-02B5-46A6-B94A-FF1EC2705A79}.Release|Any CPU.Build.0 = Release|Any CPU
	EndGlobalSection
	GlobalSection(SolutionProperties) = preSolution
		HideSolutionNode = FALSE
	EndGlobalSection
	GlobalSection(NestedProjects) = preSolution
		{103A13CC-23B2-44C2-81CE-64EC92C6ADED} = {4227DCEB-3008-4FE3-BC2A-9AC2B94C2F53}
		{E045AD46-02B5-46A6-B94A-FF1EC2705A79} = {24EDDCF8-F7E5-4858-A9A5-914388FCEE27}
	EndGlobalSection
	GlobalSection(ExtensibilityGlobals) = postSolution
		SolutionGuid = {B52DE975-01C6-4EE0-B205-94DECE7E0C85}
	EndGlobalSection
EndGlobal
